Microsoft Visual Studio Solution File, Format Version 11.00
# Visual Studio 2008

Project("{E50DD4FE-C87C-80EE-15BB-07A404343483}") = "CookingWithUnity121210", "Assembly-CSharp-firstpass.csproj", "{190642CF-9A93-17AD-9F34-611B5B0FF685}"
EndProject
Project("{E50DD4FE-C87C-80EE-15BB-07A404343483}") = "CookingWithUnity121210", "Assembly-CSharp.csproj", "{6D91BD2B-1B6F-7CA6-5883-C011BEFF67EB}"
EndProject
Project("{E50DD4FE-C87C-80EE-15BB-07A404343483}") = "CookingWithUnity121210", "Assembly-UnityScript-firstpass.unityproj", "{50BE38EF-4640-0877-1E7E-708D04DC4A37}"
EndProject
Global
	GlobalSection(SolutionConfigurationPlatforms) = preSolution
		Debug|Any CPU = Debug|Any CPU
		Release|Any CPU = Release|Any CPU
	EndGlobalSection
	GlobalSection(ProjectConfigurationPlatforms) = postSolution
		{190642CF-9A93-17AD-9F34-611B5B0FF685}.Debug|Any CPU.ActiveCfg = Debug|Any CPU
		{190642CF-9A93-17AD-9F34-611B5B0FF685}.Debug|Any CPU.Build.0 = Debug|Any CPU
		{190642CF-9A93-17AD-9F34-611B5B0FF685}.Release|Any CPU.ActiveCfg = Release|Any CPU
		{190642CF-9A93-17AD-9F34-611B5B0FF685}.Release|Any CPU.Build.0 = Release|Any CPU
		{6D91BD2B-1B6F-7CA6-5883-C011BEFF67EB}.Debug|Any CPU.ActiveCfg = Debug|Any CPU
		{6D91BD2B-1B6F-7CA6-5883-C011BEFF67EB}.Debug|Any CPU.Build.0 = Debug|Any CPU
		{6D91BD2B-1B6F-7CA6-5883-C011BEFF67EB}.Release|Any CPU.ActiveCfg = Release|Any CPU
		{6D91BD2B-1B6F-7CA6-5883-C011BEFF67EB}.Release|Any CPU.Build.0 = Release|Any CPU
		{50BE38EF-4640-0877-1E7E-708D04DC4A37}.Debug|Any CPU.ActiveCfg = Debug|Any CPU
		{50BE38EF-4640-0877-1E7E-708D04DC4A37}.Debug|Any CPU.Build.0 = Debug|Any CPU
		{50BE38EF-4640-0877-1E7E-708D04DC4A37}.Release|Any CPU.ActiveCfg = Release|Any CPU
		{50BE38EF-4640-0877-1E7E-708D04DC4A37}.Release|Any CPU.Build.0 = Release|Any CPU
	EndGlobalSection
	GlobalSection(SolutionProperties) = preSolution
		HideSolutionNode = FALSE
	EndGlobalSection
					GlobalSection(MonoDevelopProperties) = preSolution
		StartupItem = Assembly-CSharp.csproj
		Policies = $0
		$0.TextStylePolicy = $1
		$1.inheritsSet = null
		$1.scope = text/x-csharp
		$0.CSharpFormattingPolicy = $2
		$2.inheritsSet = Mono
		$2.inheritsScope = text/x-csharp
		$2.scope = text/x-csharp
		$0.TextStylePolicy = $3
		$3.FileWidth = 120
		$3.TabWidth = 4
		$3.EolMarker = Unix
		$3.inheritsSet = Mono
		$3.inheritsScope = text/plain
		$3.scope = text/plain
	EndGlobalSection

EndGlobal
